
Microsoft Visual Studio Solution File, Format Version 12.00
# Visual Studio Version 17
VisualStudioVersion = 17.6.33723.286
MinimumVisualStudioVersion = 10.0.40219.1
Project("{2150E333-8FDC-42A3-9474-1A3956D46DE8}") = "src", "src", "{F4FC6E07-9680-4EC4-87CD-FDACF9804213}"
EndProject
Project("{2150E333-8FDC-42A3-9474-1A3956D46DE8}") = "test", "test", "{E4314156-AEFB-4800-8307-1E5784BAC561}"
EndProject
Project("{2150E333-8FDC-42A3-9474-1A3956D46DE8}") = "Core", "Core", "{056BE7C9-1496-4824-AFF5-4448E7A53445}"
EndProject
Project("{2150E333-8FDC-42A3-9474-1A3956D46DE8}") = "Infrastucture", "Infrastucture", "{37037890-DB16-44E9-956F-9841C4C276B2}"
EndProject
Project("{2150E333-8FDC-42A3-9474-1A3956D46DE8}") = "API", "API", "{297CBEFB-FFC4-4A5D-B23C-B85D2F72B53E}"
EndProject
Project("{2150E333-8FDC-42A3-9474-1A3956D46DE8}") = "UI", "UI", "{BA3C09FB-50F7-4B5A-8F01-DE48529C3AE9}"
EndProject
Project("{9A19103F-16F7-4668-BE54-9A1E7A4F7556}") = "TheWildNature.Domain", "TheWildNature_Domain\TheWildNature.Domain.csproj", "{CA6B6BF0-9042-4417-BB95-0C6CD6451872}"
EndProject
Project("{9A19103F-16F7-4668-BE54-9A1E7A4F7556}") = "TheWildNature.Application", "TheWildNature.Application\TheWildNature.Application.csproj", "{6A07C8AD-D159-49EE-8CA3-1672F5C95896}"
EndProject
Project("{9A19103F-16F7-4668-BE54-9A1E7A4F7556}") = "TheWildNature.Persintence", "TheWildNature.Persintence\TheWildNature.Persintence.csproj", "{D658F59E-1836-479E-A62C-CBB7F50F3606}"
EndProject
Project("{9A19103F-16F7-4668-BE54-9A1E7A4F7556}") = "TheWildNature.Infrastructure", "TheWildNature.Infrastructure\TheWildNature.Infrastructure.csproj", "{860F234B-5247-482C-A082-C39B54920D2B}"
EndProject
Project("{9A19103F-16F7-4668-BE54-9A1E7A4F7556}") = "TheWildNature.API", "TheWildNature.API\TheWildNature.API.csproj", "{B5302E68-6461-4535-B484-2A1131E396F2}"
EndProject
Project("{FAE04EC0-301F-11D3-BF4B-00C04F79EFBC}") = "TheWildNature.MVC", "TheWildNature.MVC\TheWildNature.MVC.csproj", "{417185BF-6440-42BA-96D2-34CD6792C929}"
EndProject
Global
	GlobalSection(SolutionConfigurationPlatforms) = preSolution
		Debug|Any CPU = Debug|Any CPU
		Release|Any CPU = Release|Any CPU
	EndGlobalSection
	GlobalSection(ProjectConfigurationPlatforms) = postSolution
		{CA6B6BF0-9042-4417-BB95-0C6CD6451872}.Debug|Any CPU.ActiveCfg = Debug|Any CPU
		{CA6B6BF0-9042-4417-BB95-0C6CD6451872}.Debug|Any CPU.Build.0 = Debug|Any CPU
		{CA6B6BF0-9042-4417-BB95-0C6CD6451872}.Release|Any CPU.ActiveCfg = Release|Any CPU
		{CA6B6BF0-9042-4417-BB95-0C6CD6451872}.Release|Any CPU.Build.0 = Release|Any CPU
		{6A07C8AD-D159-49EE-8CA3-1672F5C95896}.Debug|Any CPU.ActiveCfg = Debug|Any CPU
		{6A07C8AD-D159-49EE-8CA3-1672F5C95896}.Debug|Any CPU.Build.0 = Debug|Any CPU
		{6A07C8AD-D159-49EE-8CA3-1672F5C95896}.Release|Any CPU.ActiveCfg = Release|Any CPU
		{6A07C8AD-D159-49EE-8CA3-1672F5C95896}.Release|Any CPU.Build.0 = Release|Any CPU
		{D658F59E-1836-479E-A62C-CBB7F50F3606}.Debug|Any CPU.ActiveCfg = Debug|Any CPU
		{D658F59E-1836-479E-A62C-CBB7F50F3606}.Debug|Any CPU.Build.0 = Debug|Any CPU
		{D658F59E-1836-479E-A62C-CBB7F50F3606}.Release|Any CPU.ActiveCfg = Release|Any CPU
		{D658F59E-1836-479E-A62C-CBB7F50F3606}.Release|Any CPU.Build.0 = Release|Any CPU
		{860F234B-5247-482C-A082-C39B54920D2B}.Debug|Any CPU.ActiveCfg = Debug|Any CPU
		{860F234B-5247-482C-A082-C39B54920D2B}.Debug|Any CPU.Build.0 = Debug|Any CPU
		{860F234B-5247-482C-A082-C39B54920D2B}.Release|Any CPU.ActiveCfg = Release|Any CPU
		{860F234B-5247-482C-A082-C39B54920D2B}.Release|Any CPU.Build.0 = Release|Any CPU
		{B5302E68-6461-4535-B484-2A1131E396F2}.Debug|Any CPU.ActiveCfg = Debug|Any CPU
		{B5302E68-6461-4535-B484-2A1131E396F2}.Debug|Any CPU.Build.0 = Debug|Any CPU
		{B5302E68-6461-4535-B484-2A1131E396F2}.Release|Any CPU.ActiveCfg = Release|Any CPU
		{B5302E68-6461-4535-B484-2A1131E396F2}.Release|Any CPU.Build.0 = Release|Any CPU
		{417185BF-6440-42BA-96D2-34CD6792C929}.Debug|Any CPU.ActiveCfg = Debug|Any CPU
		{417185BF-6440-42BA-96D2-34CD6792C929}.Debug|Any CPU.Build.0 = Debug|Any CPU
		{417185BF-6440-42BA-96D2-34CD6792C929}.Release|Any CPU.ActiveCfg = Release|Any CPU
		{417185BF-6440-42BA-96D2-34CD6792C929}.Release|Any CPU.Build.0 = Release|Any CPU
	EndGlobalSection
	GlobalSection(SolutionProperties) = preSolution
		HideSolutionNode = FALSE
	EndGlobalSection
	GlobalSection(NestedProjects) = preSolution
		{056BE7C9-1496-4824-AFF5-4448E7A53445} = {F4FC6E07-9680-4EC4-87CD-FDACF9804213}
		{37037890-DB16-44E9-956F-9841C4C276B2} = {F4FC6E07-9680-4EC4-87CD-FDACF9804213}
		{297CBEFB-FFC4-4A5D-B23C-B85D2F72B53E} = {F4FC6E07-9680-4EC4-87CD-FDACF9804213}
		{BA3C09FB-50F7-4B5A-8F01-DE48529C3AE9} = {F4FC6E07-9680-4EC4-87CD-FDACF9804213}
		{CA6B6BF0-9042-4417-BB95-0C6CD6451872} = {056BE7C9-1496-4824-AFF5-4448E7A53445}
		{6A07C8AD-D159-49EE-8CA3-1672F5C95896} = {056BE7C9-1496-4824-AFF5-4448E7A53445}
		{D658F59E-1836-479E-A62C-CBB7F50F3606} = {37037890-DB16-44E9-956F-9841C4C276B2}
		{860F234B-5247-482C-A082-C39B54920D2B} = {37037890-DB16-44E9-956F-9841C4C276B2}
		{B5302E68-6461-4535-B484-2A1131E396F2} = {297CBEFB-FFC4-4A5D-B23C-B85D2F72B53E}
		{417185BF-6440-42BA-96D2-34CD6792C929} = {BA3C09FB-50F7-4B5A-8F01-DE48529C3AE9}
	EndGlobalSection
	GlobalSection(ExtensibilityGlobals) = postSolution
		SolutionGuid = {39DAA5DC-C387-4650-B173-22E56A8971F7}
	EndGlobalSection
EndGlobal
